
Microsoft Visual Studio Solution File, Format Version 12.00
# Visual Studio Version 16
VisualStudioVersion = 16.0.32228.343
MinimumVisualStudioVersion = 10.0.40219.1
Project("{FAE04EC0-301F-11D3-BF4B-00C04F79EFBC}") = "AppointmentKeeper2", "AppointmentKeeper2\AppointmentKeeper2.csproj", "{E1ED1020-A722-463E-9E77-2D0F758A1D20}"
EndProject
Global
	GlobalSection(SolutionConfigurationPlatforms) = preSolution
		Debug|Any CPU = Debug|Any CPU
		Release|Any CPU = Release|Any CPU
	EndGlobalSection
	GlobalSection(ProjectConfigurationPlatforms) = postSolution
		{E1ED1020-A722-463E-9E77-2D0F758A1D20}.Debug|Any CPU.ActiveCfg = Debug|Any CPU
		{E1ED1020-A722-463E-9E77-2D0F758A1D20}.Debug|Any CPU.Build.0 = Debug|Any CPU
		{E1ED1020-A722-463E-9E77-2D0F758A1D20}.Release|Any CPU.ActiveCfg = Release|Any CPU
		{E1ED1020-A722-463E-9E77-2D0F758A1D20}.Release|Any CPU.Build.0 = Release|Any CPU
	EndGlobalSection
	GlobalSection(SolutionProperties) = preSolution
		HideSolutionNode = FALSE
	EndGlobalSection
	GlobalSection(ExtensibilityGlobals) = postSolution
		SolutionGuid = {0FEE2F59-7241-4F82-9ED6-0532E600C34D}
	EndGlobalSection
EndGlobal
